{"1.2.0",
[{<<"aten">>,{pkg,<<"aten">>,<<"0.5.7">>},1},
 {<<"gen_batch_server">>,{pkg,<<"gen_batch_server">>,<<"0.8.6">>},1},
 {<<"ra">>,{pkg,<<"ra">>,<<"2.0.3">>},0}]}.
[
{pkg_hash,[
 {<<"aten">>, <<"F88EB38CEADC0710B84B5D78F0357D766733D80902D50AC69B70CDF834992DAA">>},
 {<<"gen_batch_server">>, <<"712E589A644AFB1DF4EE7B3A3E6182280086631ED5C3283394A27694FE16C0A9">>},
 {<<"ra">>, <<"1921AF5D3E853E3D294D6CF109292B1A4E0CBFC95BD5B37E28B56CDF11E67D05">>}]},
{pkg_hash_ext,[
 {<<"aten">>, <<"8B623C8BE27B59A911D16AB0AF41777B504C147BC0D60A29015FAB58321C04B0">>},
 {<<"gen_batch_server">>, <<"B78679349168F27D7047F3283C9D766760B234D98C762ACA9A1907F4EE3FD406">>},
 {<<"ra">>, <<"0B159C7DA28FC581042F462F51B042B3FED244CDAA2B2061E6430BA6D12A3972">>}]}
].
